<?xml version="1.0" encoding="utf-8"?>
<Project ToolsVersion="4.0" xmlns="http://schemas.microsoft.com/developer/msbuild/2003">
  <ItemGroup>
    <Filter Include="File di origine">
      <UniqueIdentifier>{4FC737F1-C7A5-4376-A066-2A32D752A2FF}</UniqueIdentifier>
      <Extensions>cpp;c;cc;cxx;c++;cppm;ixx;def;odl;idl;hpj;bat;asm;asmx</Extensions>
    </Filter>
    <Filter Include="File di intestazione">
      <UniqueIdentifier>{93995380-89BD-4b04-88EB-625FBE52EBFB}</UniqueIdentifier>
      <Extensions>h;hh;hpp;hxx;h++;hm;inl;inc;ipp;xsd</Extensions>
    </Filter>
    <Filter Include="File di risorse">
      <UniqueIdentifier>{67DA6AB6-F800-4c08-8B7A-83BB121AAD01}</UniqueIdentifier>
      <Extensions>rc;ico;cur;bmp;dlg;rc2;rct;bin;rgs;gif;jpg;jpeg;jpe;resx;tiff;tif;png;wav;mfcribbon-ms</Extensions>
    </Filter>
  </ItemGroup>
  <ItemGroup>
    <ClCompile Include="main.cpp">
      <Filter>File di origine</Filter>
    </ClCompile>
  </ItemGroup>
  <ItemGroup>
    <ClInclude Include="headers\sgStructures.h">
      <Filter>File di intestazione</Filter>
    </ClInclude>
    <ClInclude Include="headers\sgUtils.h">
      <Filter>File di intestazione</Filter>
    </ClInclude>
    <ClInclude Include="headers\stb_image.h">
      <Filter>File di intestazione</Filter>
    </ClInclude>
    <ClInclude Include="headers\sgModel.h">
      <Filter>File di intestazione</Filter>
    </ClInclude>
    <ClInclude Include="headers\sgObject3D.h">
      <Filter>File di intestazione</Filter>
    </ClInclude>
    <ClInclude Include="headers\sgTransform.h">
      <Filter>File di intestazione</Filter>
    </ClInclude>
    <ClInclude Include="headers\sgCamera3D.h">
      <Filter>File di intestazione</Filter>
    </ClInclude>
    <ClInclude Include="headers\sgSpotLight3D.h">
      <Filter>File di intestazione</Filter>
    </ClInclude>
    <ClInclude Include="headers\sgRenderer.h">
      <Filter>File di intestazione</Filter>
    </ClInclude>
    <ClInclude Include="headers\sgTextureManager.h">
      <Filter>File di intestazione</Filter>
    </ClInclude>
    <ClInclude Include="headers\sgSkyboxRenderer.h">
      <Filter>File di intestazione</Filter>
    </ClInclude>
    <ClInclude Include="headers\sgEngine.h">
      <Filter>File di intestazione</Filter>
    </ClInclude>
    <ClInclude Include="headers\sgInputManager.h">
      <Filter>File di intestazione</Filter>
    </ClInclude>
    <ClInclude Include="headers\sgEntity3D.h">
      <Filter>File di intestazione</Filter>
    </ClInclude>
    <ClInclude Include="headers\sgView3D.h">
      <Filter>File di intestazione</Filter>
    </ClInclude>
    <ClInclude Include="headers\Player.h">
      <Filter>File di origine</Filter>
    </ClInclude>
    <ClInclude Include="headers\EnemyManager.h">
      <Filter>File di origine</Filter>
    </ClInclude>
    <ClInclude Include="headers\Bullet.h">
      <Filter>File di origine</Filter>
    </ClInclude>
    <ClInclude Include="headers\MapCreator.h">
      <Filter>File di origine</Filter>
    </ClInclude>
    <ClInclude Include="headers\sgAngledLight3D.h">
      <Filter>File di intestazione</Filter>
    </ClInclude>
    <ClInclude Include="headers\sgDirectionalLight3D.h">
      <Filter>File di intestazione</Filter>
    </ClInclude>
    <ClInclude Include="headers\sgAmbientLight.h">
      <Filter>File di intestazione</Filter>
    </ClInclude>
    <ClInclude Include="headers\sgLight.h">
      <Filter>File di intestazione</Filter>
    </ClInclude>
    <ClInclude Include="headers\sgPointLight3D.h">
      <Filter>File di intestazione</Filter>
    </ClInclude>
  </ItemGroup>
  <ItemGroup>
    <None Include="shaders\vertexShader_lit.glsl">
      <Filter>File di risorse</Filter>
    </None>
    <None Include="shaders\vertexShader_background.glsl">
      <Filter>File di risorse</Filter>
    </None>
    <None Include="shaders\vertexShader_unlit.glsl">
      <Filter>File di risorse</Filter>
    </None>
    <None Include="shaders\fragmentShader_unlit.glsl">
      <Filter>File di risorse</Filter>
    </None>
    <None Include="shaders\fragmentShader_lit.glsl">
      <Filter>File di risorse</Filter>
    </None>
    <None Include="shaders\fragmentShader_background.glsl">
      <Filter>File di risorse</Filter>
    </None>
    <None Include="shaders\fragmentShader_reflective.glsl">
      <Filter>File di risorse</Filter>
    </None>
    <None Include="shaders\vertexShader_reflective.glsl">
      <Filter>File di risorse</Filter>
    </None>
    <None Include="shaders\fragmentShader_shadowed.glsl">
      <Filter>File di risorse</Filter>
    </None>
    <None Include="shaders\vertexShader_shadowed.glsl">
      <Filter>File di risorse</Filter>
    </None>
    <None Include="shaders\fragmentShader_depth.glsl">
      <Filter>File di risorse</Filter>
    </None>
    <None Include="shaders\vertexShader_depth.glsl">
      <Filter>File di risorse</Filter>
    </None>
    <None Include="shaders\fragmentShader_normalmapping.glsl">
      <Filter>File di risorse</Filter>
    </None>
    <None Include="shaders\vertexShader_normalmapping.glsl">
      <Filter>File di risorse</Filter>
    </None>
    <None Include="shaders\fragmentShader_triangulation.glsl">
      <Filter>File di risorse</Filter>
    </None>
    <None Include="shaders\geometryShader_triangulation.glsl">
      <Filter>File di risorse</Filter>
    </None>
    <None Include="shaders\vertexShader_triangulation.glsl">
      <Filter>File di risorse</Filter>
    </None>
    <None Include="shaders\tessellationControlShader_quad.glsl">
      <Filter>File di risorse</Filter>
    </None>
    <None Include="shaders\tessellationEvaluationShader_quad.glsl">
      <Filter>File di risorse</Filter>
    </None>
    <None Include="shaders\tessellationControlShader_normalMapping.glsl">
      <Filter>File di risorse</Filter>
    </None>
    <None Include="shaders\tessellationEvaluationShader_normalMapping.glsl">
      <Filter>File di risorse</Filter>
    </None>
  </ItemGroup>
</Project>